
Microsoft Visual Studio Solution File, Format Version 12.00
# Visual Studio 15
VisualStudioVersion = 15.0.27130.0
MinimumVisualStudioVersion = 10.0.40219.1
Project("{9A19103F-16F7-4668-BE54-9A1E7A4F7556}") = "IssueRepro-working", "IssueRepro-working\IssueRepro-working.csproj", "{ADC8DA95-C0B2-475E-B596-E6156F297F13}"
EndProject
Project("{FAE04EC0-301F-11D3-BF4B-00C04F79EFBC}") = "IssueRepro-broken", "IssueRepro-broken\IssueRepro-broken.csproj", "{1D5018B9-E675-4847-ADAF-72E30CBA5527}"
EndProject
Global
	GlobalSection(SolutionConfigurationPlatforms) = preSolution
		Debug|Any CPU = Debug|Any CPU
		Release|Any CPU = Release|Any CPU
	EndGlobalSection
	GlobalSection(ProjectConfigurationPlatforms) = postSolution
		{ADC8DA95-C0B2-475E-B596-E6156F297F13}.Debug|Any CPU.ActiveCfg = Debug|Any CPU
		{ADC8DA95-C0B2-475E-B596-E6156F297F13}.Debug|Any CPU.Build.0 = Debug|Any CPU
		{ADC8DA95-C0B2-475E-B596-E6156F297F13}.Release|Any CPU.ActiveCfg = Release|Any CPU
		{ADC8DA95-C0B2-475E-B596-E6156F297F13}.Release|Any CPU.Build.0 = Release|Any CPU
		{1D5018B9-E675-4847-ADAF-72E30CBA5527}.Debug|Any CPU.ActiveCfg = Debug|x86
		{1D5018B9-E675-4847-ADAF-72E30CBA5527}.Debug|Any CPU.Build.0 = Debug|x86
		{1D5018B9-E675-4847-ADAF-72E30CBA5527}.Release|Any CPU.ActiveCfg = Debug|x86
		{1D5018B9-E675-4847-ADAF-72E30CBA5527}.Release|Any CPU.Build.0 = Debug|x86
	EndGlobalSection
	GlobalSection(SolutionProperties) = preSolution
		HideSolutionNode = FALSE
	EndGlobalSection
	GlobalSection(ExtensibilityGlobals) = postSolution
		SolutionGuid = {8A5FB060-0F1A-41F3-8FF8-8BB2088A1F46}
	EndGlobalSection
EndGlobal
